
Microsoft Visual Studio Solution File, Format Version 12.00
# Visual Studio 14
VisualStudioVersion = 14.0.23107.0
MinimumVisualStudioVersion = 10.0.40219.1
Project("{8BC9CEB8-8B4A-11D0-8D11-00A0C91BC942}") = "Exercise 1", "Character Arrays\Character Arrays.vcxproj", "{3BA9253B-4C69-4BC5-9127-1FCF1BD1249E}"
EndProject
Project("{8BC9CEB8-8B4A-11D0-8D11-00A0C91BC942}") = "Exercise 2", "Exercise 2\Exercise 2.vcxproj", "{3E105FA1-1C57-44D2-AAB6-8C5EDEFBA86D}"
EndProject
Project("{8BC9CEB8-8B4A-11D0-8D11-00A0C91BC942}") = "Exercise 3", "Exercise 3\Exercise 3.vcxproj", "{174B0A1D-35EC-4E00-B2AD-5ACBE8391509}"
EndProject
Project("{8BC9CEB8-8B4A-11D0-8D11-00A0C91BC942}") = "Exercise 5", "Exercise 4\Exercise 4.vcxproj", "{E8C5C758-6D78-498C-967B-F831D4AE595D}"
EndProject
Project("{8BC9CEB8-8B4A-11D0-8D11-00A0C91BC942}") = "Exercise 6", "Exercise 6\Exercise 6.vcxproj", "{BD0190EC-AFB9-4294-AD2B-F2B3866D7BE3}"
EndProject
Project("{8BC9CEB8-8B4A-11D0-8D11-00A0C91BC942}") = "Exercise 8", "Exercise 8\Exercise 8.vcxproj", "{A1CCD728-3595-4FE3-AE73-2F90DDEC919E}"
EndProject
Project("{8BC9CEB8-8B4A-11D0-8D11-00A0C91BC942}") = "Exercise 9", "Exercise 9\Exercise 9.vcxproj", "{649C2C55-5EF1-49A0-A8C9-E51517A1F9CC}"
EndProject
Project("{8BC9CEB8-8B4A-11D0-8D11-00A0C91BC942}") = "Question 10", "Exercise 10\Exercise 10.vcxproj", "{0C62513D-F5EC-456D-960B-17C0C27629D6}"
EndProject
Global
	GlobalSection(SolutionConfigurationPlatforms) = preSolution
		Debug|x64 = Debug|x64
		Debug|x86 = Debug|x86
		Release|x64 = Release|x64
		Release|x86 = Release|x86
	EndGlobalSection
	GlobalSection(ProjectConfigurationPlatforms) = postSolution
		{3BA9253B-4C69-4BC5-9127-1FCF1BD1249E}.Debug|x64.ActiveCfg = Debug|x64
		{3BA9253B-4C69-4BC5-9127-1FCF1BD1249E}.Debug|x64.Build.0 = Debug|x64
		{3BA9253B-4C69-4BC5-9127-1FCF1BD1249E}.Debug|x86.ActiveCfg = Debug|Win32
		{3BA9253B-4C69-4BC5-9127-1FCF1BD1249E}.Debug|x86.Build.0 = Debug|Win32
		{3BA9253B-4C69-4BC5-9127-1FCF1BD1249E}.Release|x64.ActiveCfg = Release|x64
		{3BA9253B-4C69-4BC5-9127-1FCF1BD1249E}.Release|x64.Build.0 = Release|x64
		{3BA9253B-4C69-4BC5-9127-1FCF1BD1249E}.Release|x86.ActiveCfg = Release|Win32
		{3BA9253B-4C69-4BC5-9127-1FCF1BD1249E}.Release|x86.Build.0 = Release|Win32
		{3E105FA1-1C57-44D2-AAB6-8C5EDEFBA86D}.Debug|x64.ActiveCfg = Debug|x64
		{3E105FA1-1C57-44D2-AAB6-8C5EDEFBA86D}.Debug|x64.Build.0 = Debug|x64
		{3E105FA1-1C57-44D2-AAB6-8C5EDEFBA86D}.Debug|x86.ActiveCfg = Debug|Win32
		{3E105FA1-1C57-44D2-AAB6-8C5EDEFBA86D}.Debug|x86.Build.0 = Debug|Win32
		{3E105FA1-1C57-44D2-AAB6-8C5EDEFBA86D}.Release|x64.ActiveCfg = Release|x64
		{3E105FA1-1C57-44D2-AAB6-8C5EDEFBA86D}.Release|x64.Build.0 = Release|x64
		{3E105FA1-1C57-44D2-AAB6-8C5EDEFBA86D}.Release|x86.ActiveCfg = Release|Win32
		{3E105FA1-1C57-44D2-AAB6-8C5EDEFBA86D}.Release|x86.Build.0 = Release|Win32
		{174B0A1D-35EC-4E00-B2AD-5ACBE8391509}.Debug|x64.ActiveCfg = Debug|x64
		{174B0A1D-35EC-4E00-B2AD-5ACBE8391509}.Debug|x64.Build.0 = Debug|x64
		{174B0A1D-35EC-4E00-B2AD-5ACBE8391509}.Debug|x86.ActiveCfg = Debug|Win32
		{174B0A1D-35EC-4E00-B2AD-5ACBE8391509}.Debug|x86.Build.0 = Debug|Win32
		{174B0A1D-35EC-4E00-B2AD-5ACBE8391509}.Release|x64.ActiveCfg = Release|x64
		{174B0A1D-35EC-4E00-B2AD-5ACBE8391509}.Release|x64.Build.0 = Release|x64
		{174B0A1D-35EC-4E00-B2AD-5ACBE8391509}.Release|x86.ActiveCfg = Release|Win32
		{174B0A1D-35EC-4E00-B2AD-5ACBE8391509}.Release|x86.Build.0 = Release|Win32
		{E8C5C758-6D78-498C-967B-F831D4AE595D}.Debug|x64.ActiveCfg = Debug|x64
		{E8C5C758-6D78-498C-967B-F831D4AE595D}.Debug|x64.Build.0 = Debug|x64
		{E8C5C758-6D78-498C-967B-F831D4AE595D}.Debug|x86.ActiveCfg = Debug|Win32
		{E8C5C758-6D78-498C-967B-F831D4AE595D}.Debug|x86.Build.0 = Debug|Win32
		{E8C5C758-6D78-498C-967B-F831D4AE595D}.Release|x64.ActiveCfg = Release|x64
		{E8C5C758-6D78-498C-967B-F831D4AE595D}.Release|x64.Build.0 = Release|x64
		{E8C5C758-6D78-498C-967B-F831D4AE595D}.Release|x86.ActiveCfg = Release|Win32
		{E8C5C758-6D78-498C-967B-F831D4AE595D}.Release|x86.Build.0 = Release|Win32
		{BD0190EC-AFB9-4294-AD2B-F2B3866D7BE3}.Debug|x64.ActiveCfg = Debug|x64
		{BD0190EC-AFB9-4294-AD2B-F2B3866D7BE3}.Debug|x64.Build.0 = Debug|x64
		{BD0190EC-AFB9-4294-AD2B-F2B3866D7BE3}.Debug|x86.ActiveCfg = Debug|Win32
		{BD0190EC-AFB9-4294-AD2B-F2B3866D7BE3}.Debug|x86.Build.0 = Debug|Win32
		{BD0190EC-AFB9-4294-AD2B-F2B3866D7BE3}.Release|x64.ActiveCfg = Release|x64
		{BD0190EC-AFB9-4294-AD2B-F2B3866D7BE3}.Release|x64.Build.0 = Release|x64
		{BD0190EC-AFB9-4294-AD2B-F2B3866D7BE3}.Release|x86.ActiveCfg = Release|Win32
		{BD0190EC-AFB9-4294-AD2B-F2B3866D7BE3}.Release|x86.Build.0 = Release|Win32
		{A1CCD728-3595-4FE3-AE73-2F90DDEC919E}.Debug|x64.ActiveCfg = Debug|x64
		{A1CCD728-3595-4FE3-AE73-2F90DDEC919E}.Debug|x64.Build.0 = Debug|x64
		{A1CCD728-3595-4FE3-AE73-2F90DDEC919E}.Debug|x86.ActiveCfg = Debug|Win32
		{A1CCD728-3595-4FE3-AE73-2F90DDEC919E}.Debug|x86.Build.0 = Debug|Win32
		{A1CCD728-3595-4FE3-AE73-2F90DDEC919E}.Release|x64.ActiveCfg = Release|x64
		{A1CCD728-3595-4FE3-AE73-2F90DDEC919E}.Release|x64.Build.0 = Release|x64
		{A1CCD728-3595-4FE3-AE73-2F90DDEC919E}.Release|x86.ActiveCfg = Release|Win32
		{A1CCD728-3595-4FE3-AE73-2F90DDEC919E}.Release|x86.Build.0 = Release|Win32
		{649C2C55-5EF1-49A0-A8C9-E51517A1F9CC}.Debug|x64.ActiveCfg = Debug|x64
		{649C2C55-5EF1-49A0-A8C9-E51517A1F9CC}.Debug|x64.Build.0 = Debug|x64
		{649C2C55-5EF1-49A0-A8C9-E51517A1F9CC}.Debug|x86.ActiveCfg = Debug|Win32
		{649C2C55-5EF1-49A0-A8C9-E51517A1F9CC}.Debug|x86.Build.0 = Debug|Win32
		{649C2C55-5EF1-49A0-A8C9-E51517A1F9CC}.Release|x64.ActiveCfg = Release|x64
		{649C2C55-5EF1-49A0-A8C9-E51517A1F9CC}.Release|x64.Build.0 = Release|x64
		{649C2C55-5EF1-49A0-A8C9-E51517A1F9CC}.Release|x86.ActiveCfg = Release|Win32
		{649C2C55-5EF1-49A0-A8C9-E51517A1F9CC}.Release|x86.Build.0 = Release|Win32
		{0C62513D-F5EC-456D-960B-17C0C27629D6}.Debug|x64.ActiveCfg = Debug|x64
		{0C62513D-F5EC-456D-960B-17C0C27629D6}.Debug|x64.Build.0 = Debug|x64
		{0C62513D-F5EC-456D-960B-17C0C27629D6}.Debug|x86.ActiveCfg = Debug|Win32
		{0C62513D-F5EC-456D-960B-17C0C27629D6}.Debug|x86.Build.0 = Debug|Win32
		{0C62513D-F5EC-456D-960B-17C0C27629D6}.Release|x64.ActiveCfg = Release|x64
		{0C62513D-F5EC-456D-960B-17C0C27629D6}.Release|x64.Build.0 = Release|x64
		{0C62513D-F5EC-456D-960B-17C0C27629D6}.Release|x86.ActiveCfg = Release|Win32
		{0C62513D-F5EC-456D-960B-17C0C27629D6}.Release|x86.Build.0 = Release|Win32
	EndGlobalSection
	GlobalSection(SolutionProperties) = preSolution
		HideSolutionNode = FALSE
	EndGlobalSection
EndGlobal
