
Microsoft Visual Studio Solution File, Format Version 12.00
# Visual Studio 14
VisualStudioVersion = 14.0.23107.0
MinimumVisualStudioVersion = 10.0.40219.1
Project("{FAE04EC0-301F-11D3-BF4B-00C04F79EFBC}") = "FiniteStateMachine", "FSMdllTest\FiniteStateMachine.csproj", "{925BF7FD-7F3C-4223-B52D-BDE9BB0D35AE}"
EndProject
Project("{FAE04EC0-301F-11D3-BF4B-00C04F79EFBC}") = "Test", "FSMdllTester\Test.csproj", "{FD18041D-5C69-4200-8FFA-AA221C8B0991}"
	ProjectSection(ProjectDependencies) = postProject
		{925BF7FD-7F3C-4223-B52D-BDE9BB0D35AE} = {925BF7FD-7F3C-4223-B52D-BDE9BB0D35AE}
	EndProjectSection
EndProject
Global
	GlobalSection(SolutionConfigurationPlatforms) = preSolution
		Debug|Any CPU = Debug|Any CPU
		Release|Any CPU = Release|Any CPU
	EndGlobalSection
	GlobalSection(ProjectConfigurationPlatforms) = postSolution
		{925BF7FD-7F3C-4223-B52D-BDE9BB0D35AE}.Debug|Any CPU.ActiveCfg = Debug|Any CPU
		{925BF7FD-7F3C-4223-B52D-BDE9BB0D35AE}.Debug|Any CPU.Build.0 = Debug|Any CPU
		{925BF7FD-7F3C-4223-B52D-BDE9BB0D35AE}.Release|Any CPU.ActiveCfg = Release|Any CPU
		{925BF7FD-7F3C-4223-B52D-BDE9BB0D35AE}.Release|Any CPU.Build.0 = Release|Any CPU
		{FD18041D-5C69-4200-8FFA-AA221C8B0991}.Debug|Any CPU.ActiveCfg = Debug|Any CPU
		{FD18041D-5C69-4200-8FFA-AA221C8B0991}.Debug|Any CPU.Build.0 = Debug|Any CPU
		{FD18041D-5C69-4200-8FFA-AA221C8B0991}.Release|Any CPU.ActiveCfg = Release|Any CPU
		{FD18041D-5C69-4200-8FFA-AA221C8B0991}.Release|Any CPU.Build.0 = Release|Any CPU
	EndGlobalSection
	GlobalSection(SolutionProperties) = preSolution
		HideSolutionNode = FALSE
	EndGlobalSection
EndGlobal
